
Microsoft Visual Studio Solution File, Format Version 12.00
# Visual Studio Version 17
VisualStudioVersion = 17.8.34330.188
MinimumVisualStudioVersion = 10.0.40219.1
Project("{FAE04EC0-301F-11D3-BF4B-00C04F79EFBC}") = "studentarray", "studentarray\studentarray.csproj", "{C7C9B577-FBEE-47F7-ACA1-07F7E3EA538B}"
EndProject
Global
	GlobalSection(SolutionConfigurationPlatforms) = preSolution
		Debug|Any CPU = Debug|Any CPU
		Release|Any CPU = Release|Any CPU
	EndGlobalSection
	GlobalSection(ProjectConfigurationPlatforms) = postSolution
		{C7C9B577-FBEE-47F7-ACA1-07F7E3EA538B}.Debug|Any CPU.ActiveCfg = Debug|Any CPU
		{C7C9B577-FBEE-47F7-ACA1-07F7E3EA538B}.Debug|Any CPU.Build.0 = Debug|Any CPU
		{C7C9B577-FBEE-47F7-ACA1-07F7E3EA538B}.Release|Any CPU.ActiveCfg = Release|Any CPU
		{C7C9B577-FBEE-47F7-ACA1-07F7E3EA538B}.Release|Any CPU.Build.0 = Release|Any CPU
	EndGlobalSection
	GlobalSection(SolutionProperties) = preSolution
		HideSolutionNode = FALSE
	EndGlobalSection
	GlobalSection(ExtensibilityGlobals) = postSolution
		SolutionGuid = {948D3603-E0B1-4B08-A3C9-79BC9B5F5DB8}
	EndGlobalSection
EndGlobal
