
Microsoft Visual Studio Solution File, Format Version 12.00
# Visual Studio Version 17
VisualStudioVersion = 17.8.34316.72
MinimumVisualStudioVersion = 10.0.40219.1
Project("{FAE04EC0-301F-11D3-BF4B-00C04F79EFBC}") = "GetterAndSetters", "GetterAndSetters.csproj", "{9222CB9D-499E-4E80-92D9-FE9A648D1969}"
EndProject
Global
	GlobalSection(SolutionConfigurationPlatforms) = preSolution
		Debug|Any CPU = Debug|Any CPU
		Release|Any CPU = Release|Any CPU
	EndGlobalSection
	GlobalSection(ProjectConfigurationPlatforms) = postSolution
		{9222CB9D-499E-4E80-92D9-FE9A648D1969}.Debug|Any CPU.ActiveCfg = Debug|Any CPU
		{9222CB9D-499E-4E80-92D9-FE9A648D1969}.Debug|Any CPU.Build.0 = Debug|Any CPU
		{9222CB9D-499E-4E80-92D9-FE9A648D1969}.Release|Any CPU.ActiveCfg = Release|Any CPU
		{9222CB9D-499E-4E80-92D9-FE9A648D1969}.Release|Any CPU.Build.0 = Release|Any CPU
	EndGlobalSection
	GlobalSection(SolutionProperties) = preSolution
		HideSolutionNode = FALSE
	EndGlobalSection
	GlobalSection(ExtensibilityGlobals) = postSolution
		SolutionGuid = {97325A0D-B1B7-471D-8222-16C7DBC0D004}
	EndGlobalSection
EndGlobal
