
Microsoft Visual Studio Solution File, Format Version 12.00
# Visual Studio Version 17
VisualStudioVersion = 17.8.34330.188
MinimumVisualStudioVersion = 10.0.40219.1
Project("{FAE04EC0-301F-11D3-BF4B-00C04F79EFBC}") = "staticmethodandclasses", "staticmethodandclasses\staticmethodandclasses.csproj", "{F66CB41B-58E0-47D9-B161-BEA2C0CD8A00}"
EndProject
Global
	GlobalSection(SolutionConfigurationPlatforms) = preSolution
		Debug|Any CPU = Debug|Any CPU
		Release|Any CPU = Release|Any CPU
	EndGlobalSection
	GlobalSection(ProjectConfigurationPlatforms) = postSolution
		{F66CB41B-58E0-47D9-B161-BEA2C0CD8A00}.Debug|Any CPU.ActiveCfg = Debug|Any CPU
		{F66CB41B-58E0-47D9-B161-BEA2C0CD8A00}.Debug|Any CPU.Build.0 = Debug|Any CPU
		{F66CB41B-58E0-47D9-B161-BEA2C0CD8A00}.Release|Any CPU.ActiveCfg = Release|Any CPU
		{F66CB41B-58E0-47D9-B161-BEA2C0CD8A00}.Release|Any CPU.Build.0 = Release|Any CPU
	EndGlobalSection
	GlobalSection(SolutionProperties) = preSolution
		HideSolutionNode = FALSE
	EndGlobalSection
	GlobalSection(ExtensibilityGlobals) = postSolution
		SolutionGuid = {0BED691F-8F93-454E-B09D-A8406B628554}
	EndGlobalSection
EndGlobal
