
Microsoft Visual Studio Solution File, Format Version 12.00
# Visual Studio Version 17
VisualStudioVersion = 17.8.34316.72
MinimumVisualStudioVersion = 10.0.40219.1
Project("{FAE04EC0-301F-11D3-BF4B-00C04F79EFBC}") = "clsandob", "clsandob.csproj", "{1E61E939-7471-4B18-9950-A5EA0E84C546}"
EndProject
Global
	GlobalSection(SolutionConfigurationPlatforms) = preSolution
		Debug|Any CPU = Debug|Any CPU
		Release|Any CPU = Release|Any CPU
	EndGlobalSection
	GlobalSection(ProjectConfigurationPlatforms) = postSolution
		{1E61E939-7471-4B18-9950-A5EA0E84C546}.Debug|Any CPU.ActiveCfg = Debug|Any CPU
		{1E61E939-7471-4B18-9950-A5EA0E84C546}.Debug|Any CPU.Build.0 = Debug|Any CPU
		{1E61E939-7471-4B18-9950-A5EA0E84C546}.Release|Any CPU.ActiveCfg = Release|Any CPU
		{1E61E939-7471-4B18-9950-A5EA0E84C546}.Release|Any CPU.Build.0 = Release|Any CPU
	EndGlobalSection
	GlobalSection(SolutionProperties) = preSolution
		HideSolutionNode = FALSE
	EndGlobalSection
	GlobalSection(ExtensibilityGlobals) = postSolution
		SolutionGuid = {01A09338-FD4E-4D60-899E-73B915A89F0A}
	EndGlobalSection
EndGlobal
