
Microsoft Visual Studio Solution File, Format Version 12.00
# Visual Studio Version 17
VisualStudioVersion = 17.8.34316.72
MinimumVisualStudioVersion = 10.0.40219.1
Project("{FAE04EC0-301F-11D3-BF4B-00C04F79EFBC}") = "clsandobj", "clsandobj.csproj", "{B647CA1D-DC99-4280-8C53-F540224DF881}"
EndProject
Global
	GlobalSection(SolutionConfigurationPlatforms) = preSolution
		Debug|Any CPU = Debug|Any CPU
		Release|Any CPU = Release|Any CPU
	EndGlobalSection
	GlobalSection(ProjectConfigurationPlatforms) = postSolution
		{B647CA1D-DC99-4280-8C53-F540224DF881}.Debug|Any CPU.ActiveCfg = Debug|Any CPU
		{B647CA1D-DC99-4280-8C53-F540224DF881}.Debug|Any CPU.Build.0 = Debug|Any CPU
		{B647CA1D-DC99-4280-8C53-F540224DF881}.Release|Any CPU.ActiveCfg = Release|Any CPU
		{B647CA1D-DC99-4280-8C53-F540224DF881}.Release|Any CPU.Build.0 = Release|Any CPU
	EndGlobalSection
	GlobalSection(SolutionProperties) = preSolution
		HideSolutionNode = FALSE
	EndGlobalSection
	GlobalSection(ExtensibilityGlobals) = postSolution
		SolutionGuid = {181B1078-68D8-47D6-A28E-45EB2C9D6E4A}
	EndGlobalSection
EndGlobal
