
Microsoft Visual Studio Solution File, Format Version 12.00
# Visual Studio Version 17
VisualStudioVersion = 17.8.34330.188
MinimumVisualStudioVersion = 10.0.40219.1
Project("{FAE04EC0-301F-11D3-BF4B-00C04F79EFBC}") = "oddeven", "oddeven\oddeven.csproj", "{C5C6E925-43B2-47E3-BFB8-68A7123D4ABE}"
EndProject
Global
	GlobalSection(SolutionConfigurationPlatforms) = preSolution
		Debug|Any CPU = Debug|Any CPU
		Release|Any CPU = Release|Any CPU
	EndGlobalSection
	GlobalSection(ProjectConfigurationPlatforms) = postSolution
		{C5C6E925-43B2-47E3-BFB8-68A7123D4ABE}.Debug|Any CPU.ActiveCfg = Debug|Any CPU
		{C5C6E925-43B2-47E3-BFB8-68A7123D4ABE}.Debug|Any CPU.Build.0 = Debug|Any CPU
		{C5C6E925-43B2-47E3-BFB8-68A7123D4ABE}.Release|Any CPU.ActiveCfg = Release|Any CPU
		{C5C6E925-43B2-47E3-BFB8-68A7123D4ABE}.Release|Any CPU.Build.0 = Release|Any CPU
	EndGlobalSection
	GlobalSection(SolutionProperties) = preSolution
		HideSolutionNode = FALSE
	EndGlobalSection
	GlobalSection(ExtensibilityGlobals) = postSolution
		SolutionGuid = {015C3075-EDAC-4424-B44D-3B6BFDD7CE7B}
	EndGlobalSection
EndGlobal
